{
  "name": "@parligerly/malita",
  "version": "1.0.0",
  "lockfileVersion": 2,
  "requires": true,
  "packages": {
    "": {
      "name": "@parligerly/malita",
      "version": "1.0.0",
      "license": "ISC",
      "dependencies": {
        "babel-standalone": "^6.26.0",
        "commander": "^9.4.0",
        "esbuild": "^0.14.36",
        "express": "^4.17.3",
        "react": "^18.2.0",
        "react-dom": "^18.2.0",
        "ws": "^8.8.1"
      },
      "bin": {
        "malita": "bin/malita.js"
      },
      "devDependencies": {
        "@types/express": "^4.17.14",
        "@types/node": "^18.7.18",
        "@types/ws": "^8.5.3"
      }
    },
    "../../node_modules/.pnpm/babel-standalone@6.26.0/node_modules/babel-standalone": {
      "version": "6.26.0",
      "license": "MIT",
      "devDependencies": {
        "babel-core": "6.26.0",
        "babel-helper-builder-react-jsx": "6.23.0",
        "babel-loader": "6.4.1",
        "babel-plugin-check-es2015-constants": "6.22.0",
        "babel-plugin-external-helpers": "6.22.0",
        "babel-plugin-inline-replace-variables": "1.3.1",
        "babel-plugin-minify-constant-folding": "0.2.0",
        "babel-plugin-minify-dead-code-elimination": "0.2.0",
        "babel-plugin-minify-empty-function": "0.0.1",
        "babel-plugin-minify-flip-comparisons": "0.2.0",
        "babel-plugin-minify-guarded-expressions": "0.2.0",
        "babel-plugin-minify-infinity": "0.2.0",
        "babel-plugin-minify-mangle-names": "0.2.0",
        "babel-plugin-minify-replace": "0.2.0",
        "babel-plugin-minify-simplify": "0.2.0",
        "babel-plugin-minify-type-constructors": "0.2.0",
        "babel-plugin-syntax-async-functions": "6.13.0",
        "babel-plugin-syntax-async-generators": "6.13.0",
        "babel-plugin-syntax-class-constructor-call": "6.18.0",
        "babel-plugin-syntax-class-properties": "6.13.0",
        "babel-plugin-syntax-decorators": "6.13.0",
        "babel-plugin-syntax-do-expressions": "6.13.0",
        "babel-plugin-syntax-exponentiation-operator": "6.13.0",
        "babel-plugin-syntax-export-extensions": "6.13.0",
        "babel-plugin-syntax-flow": "6.18.0",
        "babel-plugin-syntax-function-bind": "6.13.0",
        "babel-plugin-syntax-function-sent": "6.13.0",
        "babel-plugin-syntax-jsx": "6.18.0",
        "babel-plugin-syntax-object-rest-spread": "6.13.0",
        "babel-plugin-syntax-trailing-function-commas": "6.22.0",
        "babel-plugin-transform-async-functions": "6.22.0",
        "babel-plugin-transform-async-to-generator": "6.24.1",
        "babel-plugin-transform-async-to-module-method": "6.24.1",
        "babel-plugin-transform-class-constructor-call": "6.24.1",
        "babel-plugin-transform-class-properties": "6.24.1",
        "babel-plugin-transform-decorators": "6.24.1",
        "babel-plugin-transform-decorators-legacy": "1.3.4",
        "babel-plugin-transform-do-expressions": "6.22.0",
        "babel-plugin-transform-es2015-arrow-functions": "6.22.0",
        "babel-plugin-transform-es2015-block-scoped-functions": "6.22.0",
        "babel-plugin-transform-es2015-block-scoping": "6.26.0",
        "babel-plugin-transform-es2015-classes": "6.24.1",
        "babel-plugin-transform-es2015-computed-properties": "6.24.1",
        "babel-plugin-transform-es2015-destructuring": "6.23.0",
        "babel-plugin-transform-es2015-duplicate-keys": "6.24.1",
        "babel-plugin-transform-es2015-for-of": "6.23.0",
        "babel-plugin-transform-es2015-function-name": "6.24.1",
        "babel-plugin-transform-es2015-instanceof": "6.22.0",
        "babel-plugin-transform-es2015-literals": "6.22.0",
        "babel-plugin-transform-es2015-modules-amd": "6.24.1",
        "babel-plugin-transform-es2015-modules-commonjs": "6.26.0",
        "babel-plugin-transform-es2015-modules-systemjs": "6.24.1",
        "babel-plugin-transform-es2015-modules-umd": "6.24.1",
        "babel-plugin-transform-es2015-object-super": "6.24.1",
        "babel-plugin-transform-es2015-parameters": "6.24.1",
        "babel-plugin-transform-es2015-shorthand-properties": "6.24.1",
        "babel-plugin-transform-es2015-spread": "6.22.0",
        "babel-plugin-transform-es2015-sticky-regex": "6.24.1",
        "babel-plugin-transform-es2015-template-literals": "6.22.0",
        "babel-plugin-transform-es2015-typeof-symbol": "6.23.0",
        "babel-plugin-transform-es2015-unicode-regex": "6.24.1",
        "babel-plugin-transform-es3-member-expression-literals": "6.22.0",
        "babel-plugin-transform-es3-property-literals": "6.22.0",
        "babel-plugin-transform-es5-property-mutators": "6.24.1",
        "babel-plugin-transform-eval": "6.22.0",
        "babel-plugin-transform-exponentiation-operator": "6.24.1",
        "babel-plugin-transform-export-extensions": "6.22.0",
        "babel-plugin-transform-flow-comments": "6.22.0",
        "babel-plugin-transform-flow-strip-types": "6.22.0",
        "babel-plugin-transform-function-bind": "6.22.0",
        "babel-plugin-transform-inline-environment-variables": "6.8.0",
        "babel-plugin-transform-jscript": "6.22.0",
        "babel-plugin-transform-member-expression-literals": "6.8.5",
        "babel-plugin-transform-merge-sibling-variables": "6.8.6",
        "babel-plugin-transform-minify-booleans": "6.8.3",
        "babel-plugin-transform-node-env-inline": "6.8.0",
        "babel-plugin-transform-object-assign": "6.22.0",
        "babel-plugin-transform-object-rest-spread": "6.26.0",
        "babel-plugin-transform-object-set-prototype-of-to-assign": "6.22.0",
        "babel-plugin-transform-property-literals": "6.8.5",
        "babel-plugin-transform-proto-to-assign": "6.26.0",
        "babel-plugin-transform-react-constant-elements": "6.23.0",
        "babel-plugin-transform-react-display-name": "6.25.0",
        "babel-plugin-transform-react-inline-elements": "6.22.0",
        "babel-plugin-transform-react-jsx": "6.24.1",
        "babel-plugin-transform-react-jsx-compat": "6.24.1",
        "babel-plugin-transform-react-jsx-self": "6.22.0",
        "babel-plugin-transform-react-jsx-source": "6.22.0",
        "babel-plugin-transform-regenerator": "6.26.0",
        "babel-plugin-transform-remove-console": "6.8.5",
        "babel-plugin-transform-remove-debugger": "6.8.5",
        "babel-plugin-transform-runtime": "6.23.0",
        "babel-plugin-transform-simplify-comparison-operators": "6.8.5",
        "babel-plugin-transform-strict-mode": "6.24.1",
        "babel-plugin-transform-undefined-to-void": "6.8.3",
        "babel-plugin-undeclared-variables-check": "6.22.0",
        "babel-preset-babili": "0.1.4",
        "babel-preset-es2015": "6.24.1",
        "babel-preset-es2016": "6.24.1",
        "babel-preset-es2017": "6.24.1",
        "babel-preset-latest": "6.24.1",
        "babel-preset-react": "6.24.1",
        "babel-preset-stage-0": "6.24.1",
        "babel-preset-stage-1": "6.24.1",
        "babel-preset-stage-2": "6.24.1",
        "babel-preset-stage-3": "6.24.1",
        "gulp": "^3.9.1",
        "gulp-rename": "^1.2.2",
        "gulp-uglify": "^2.0.1",
        "jest": "^18.1.0",
        "json-loader": "^0.5.4",
        "lazypipe": "^1.0.1",
        "npm-check-updates": "^2.8.9",
        "pump": "^1.0.2",
        "react": "^15.4.2",
        "webpack": "^1.14.0",
        "webpack-stream": "^3.2.0"
      }
    },
    "../../node_modules/.pnpm/commander@9.4.0/node_modules/commander": {
      "version": "9.4.0",
      "license": "MIT",
      "devDependencies": {
        "@types/jest": "^28.1.4",
        "@types/node": "^16.11.15",
        "@typescript-eslint/eslint-plugin": "^5.30.6",
        "@typescript-eslint/parser": "^5.30.6",
        "eslint": "^8.19.0",
        "eslint-config-standard": "^17.0.0",
        "eslint-config-standard-with-typescript": "^22.0.0",
        "eslint-plugin-import": "^2.25.3",
        "eslint-plugin-jest": "^26.5.3",
        "eslint-plugin-n": "^15.2.4",
        "eslint-plugin-promise": "^6.0.0",
        "jest": "^28.1.2",
        "ts-jest": "^28.0.5",
        "tsd": "^0.22.0",
        "typescript": "^4.7.4"
      },
      "engines": {
        "node": "^12.20.0 || >=14"
      }
    },
    "../../node_modules/.pnpm/esbuild@0.14.54/node_modules/esbuild": {
      "version": "0.14.54",
      "hasInstallScript": true,
      "license": "MIT",
      "bin": {
        "esbuild": "bin/esbuild"
      },
      "engines": {
        "node": ">=12"
      },
      "optionalDependencies": {
        "@esbuild/linux-loong64": "0.14.54",
        "esbuild-android-64": "0.14.54",
        "esbuild-android-arm64": "0.14.54",
        "esbuild-darwin-64": "0.14.54",
        "esbuild-darwin-arm64": "0.14.54",
        "esbuild-freebsd-64": "0.14.54",
        "esbuild-freebsd-arm64": "0.14.54",
        "esbuild-linux-32": "0.14.54",
        "esbuild-linux-64": "0.14.54",
        "esbuild-linux-arm": "0.14.54",
        "esbuild-linux-arm64": "0.14.54",
        "esbuild-linux-mips64le": "0.14.54",
        "esbuild-linux-ppc64le": "0.14.54",
        "esbuild-linux-riscv64": "0.14.54",
        "esbuild-linux-s390x": "0.14.54",
        "esbuild-netbsd-64": "0.14.54",
        "esbuild-openbsd-64": "0.14.54",
        "esbuild-sunos-64": "0.14.54",
        "esbuild-windows-32": "0.14.54",
        "esbuild-windows-64": "0.14.54",
        "esbuild-windows-arm64": "0.14.54"
      }
    },
    "../../node_modules/.pnpm/express@4.18.1/node_modules/express": {
      "version": "4.18.1",
      "license": "MIT",
      "dependencies": {
        "accepts": "~1.3.8",
        "array-flatten": "1.1.1",
        "body-parser": "1.20.0",
        "content-disposition": "0.5.4",
        "content-type": "~1.0.4",
        "cookie": "0.5.0",
        "cookie-signature": "1.0.6",
        "debug": "2.6.9",
        "depd": "2.0.0",
        "encodeurl": "~1.0.2",
        "escape-html": "~1.0.3",
        "etag": "~1.8.1",
        "finalhandler": "1.2.0",
        "fresh": "0.5.2",
        "http-errors": "2.0.0",
        "merge-descriptors": "1.0.1",
        "methods": "~1.1.2",
        "on-finished": "2.4.1",
        "parseurl": "~1.3.3",
        "path-to-regexp": "0.1.7",
        "proxy-addr": "~2.0.7",
        "qs": "6.10.3",
        "range-parser": "~1.2.1",
        "safe-buffer": "5.2.1",
        "send": "0.18.0",
        "serve-static": "1.15.0",
        "setprototypeof": "1.2.0",
        "statuses": "2.0.1",
        "type-is": "~1.6.18",
        "utils-merge": "1.0.1",
        "vary": "~1.1.2"
      },
      "devDependencies": {
        "after": "0.8.2",
        "connect-redis": "3.4.2",
        "cookie-parser": "1.4.6",
        "cookie-session": "2.0.0",
        "ejs": "3.1.7",
        "eslint": "7.32.0",
        "express-session": "1.17.2",
        "hbs": "4.2.0",
        "marked": "0.7.0",
        "method-override": "3.0.0",
        "mocha": "9.2.2",
        "morgan": "1.10.0",
        "multiparty": "4.2.3",
        "nyc": "15.1.0",
        "pbkdf2-password": "1.2.1",
        "supertest": "6.2.3",
        "vhost": "~3.0.2"
      },
      "engines": {
        "node": ">= 0.10.0"
      }
    },
    "../../node_modules/.pnpm/react-dom@18.2.0_react@18.2.0/node_modules/react-dom": {
      "version": "18.2.0",
      "license": "MIT",
      "dependencies": {
        "loose-envify": "^1.1.0",
        "scheduler": "^0.23.0"
      },
      "peerDependencies": {
        "react": "^18.2.0"
      }
    },
    "../../node_modules/.pnpm/react@18.2.0/node_modules/react": {
      "version": "18.2.0",
      "license": "MIT",
      "dependencies": {
        "loose-envify": "^1.1.0"
      },
      "engines": {
        "node": ">=0.10.0"
      }
    },
    "node_modules/@types/body-parser": {
      "version": "1.19.2",
      "resolved": "https://registry.npmjs.org/@types/body-parser/-/body-parser-1.19.2.tgz",
      "integrity": "sha512-ALYone6pm6QmwZoAgeyNksccT9Q4AWZQ6PvfwR37GT6r6FWUPguq6sUmNGSMV2Wr761oQoBxwGGa6DR5o1DC9g==",
      "dev": true,
      "dependencies": {
        "@types/connect": "*",
        "@types/node": "*"
      }
    },
    "node_modules/@types/connect": {
      "version": "3.4.35",
      "resolved": "https://registry.npmjs.org/@types/connect/-/connect-3.4.35.tgz",
      "integrity": "sha512-cdeYyv4KWoEgpBISTxWvqYsVy444DOqehiF3fM3ne10AmJ62RSyNkUnxMJXHQWRQQX2eR94m5y1IZyDwBjV9FQ==",
      "dev": true,
      "dependencies": {
        "@types/node": "*"
      }
    },
    "node_modules/@types/express": {
      "version": "4.17.14",
      "resolved": "https://registry.npmjs.org/@types/express/-/express-4.17.14.tgz",
      "integrity": "sha512-TEbt+vaPFQ+xpxFLFssxUDXj5cWCxZJjIcB7Yg0k0GMHGtgtQgpvx/MUQUeAkNbA9AAGrwkAsoeItdTgS7FMyg==",
      "dev": true,
      "dependencies": {
        "@types/body-parser": "*",
        "@types/express-serve-static-core": "^4.17.18",
        "@types/qs": "*",
        "@types/serve-static": "*"
      }
    },
    "node_modules/@types/express-serve-static-core": {
      "version": "4.17.31",
      "resolved": "https://registry.npmjs.org/@types/express-serve-static-core/-/express-serve-static-core-4.17.31.tgz",
      "integrity": "sha512-DxMhY+NAsTwMMFHBTtJFNp5qiHKJ7TeqOo23zVEM9alT1Ml27Q3xcTH0xwxn7Q0BbMcVEJOs/7aQtUWupUQN3Q==",
      "dev": true,
      "dependencies": {
        "@types/node": "*",
        "@types/qs": "*",
        "@types/range-parser": "*"
      }
    },
    "node_modules/@types/mime": {
      "version": "3.0.1",
      "resolved": "https://registry.npmjs.org/@types/mime/-/mime-3.0.1.tgz",
      "integrity": "sha512-Y4XFY5VJAuw0FgAqPNd6NNoV44jbq9Bz2L7Rh/J6jLTiHBSBJa9fxqQIvkIld4GsoDOcCbvzOUAbLPsSKKg+uA==",
      "dev": true
    },
    "node_modules/@types/node": {
      "version": "18.7.18",
      "resolved": "https://registry.npmjs.org/@types/node/-/node-18.7.18.tgz",
      "integrity": "sha512-m+6nTEOadJZuTPkKR/SYK3A2d7FZrgElol9UP1Kae90VVU4a6mxnPuLiIW1m4Cq4gZ/nWb9GrdVXJCoCazDAbg==",
      "dev": true
    },
    "node_modules/@types/qs": {
      "version": "6.9.7",
      "resolved": "https://registry.npmjs.org/@types/qs/-/qs-6.9.7.tgz",
      "integrity": "sha512-FGa1F62FT09qcrueBA6qYTrJPVDzah9a+493+o2PCXsesWHIn27G98TsSMs3WPNbZIEj4+VJf6saSFpvD+3Zsw==",
      "dev": true
    },
    "node_modules/@types/range-parser": {
      "version": "1.2.4",
      "resolved": "https://registry.npmjs.org/@types/range-parser/-/range-parser-1.2.4.tgz",
      "integrity": "sha512-EEhsLsD6UsDM1yFhAvy0Cjr6VwmpMWqFBCb9w07wVugF7w9nfajxLuVmngTIpgS6svCnm6Vaw+MZhoDCKnOfsw==",
      "dev": true
    },
    "node_modules/@types/serve-static": {
      "version": "1.15.0",
      "resolved": "https://registry.npmjs.org/@types/serve-static/-/serve-static-1.15.0.tgz",
      "integrity": "sha512-z5xyF6uh8CbjAu9760KDKsH2FcDxZ2tFCsA4HIMWE6IkiYMXfVoa+4f9KX+FN0ZLsaMw1WNG2ETLA6N+/YA+cg==",
      "dev": true,
      "dependencies": {
        "@types/mime": "*",
        "@types/node": "*"
      }
    },
    "node_modules/@types/ws": {
      "version": "8.5.3",
      "resolved": "https://registry.npmjs.org/@types/ws/-/ws-8.5.3.tgz",
      "integrity": "sha512-6YOoWjruKj1uLf3INHH7D3qTXwFfEsg1kf3c0uDdSBJwfa/llkwIjrAGV7j7mVgGNbzTQ3HiHKKDXl6bJPD97w==",
      "dev": true,
      "dependencies": {
        "@types/node": "*"
      }
    },
    "node_modules/babel-standalone": {
      "resolved": "../../node_modules/.pnpm/babel-standalone@6.26.0/node_modules/babel-standalone",
      "link": true
    },
    "node_modules/commander": {
      "resolved": "../../node_modules/.pnpm/commander@9.4.0/node_modules/commander",
      "link": true
    },
    "node_modules/esbuild": {
      "resolved": "../../node_modules/.pnpm/esbuild@0.14.54/node_modules/esbuild",
      "link": true
    },
    "node_modules/express": {
      "resolved": "../../node_modules/.pnpm/express@4.18.1/node_modules/express",
      "link": true
    },
    "node_modules/react": {
      "resolved": "../../node_modules/.pnpm/react@18.2.0/node_modules/react",
      "link": true
    },
    "node_modules/react-dom": {
      "resolved": "../../node_modules/.pnpm/react-dom@18.2.0_react@18.2.0/node_modules/react-dom",
      "link": true
    },
    "node_modules/ws": {
      "version": "8.8.1",
      "resolved": "https://registry.npmjs.org/ws/-/ws-8.8.1.tgz",
      "integrity": "sha512-bGy2JzvzkPowEJV++hF07hAD6niYSr0JzBNo/J29WsB57A2r7Wlc1UFcTR9IzrPvuNVO4B8LGqF8qcpsVOhJCA==",
      "engines": {
        "node": ">=10.0.0"
      },
      "peerDependencies": {
        "bufferutil": "^4.0.1",
        "utf-8-validate": "^5.0.2"
      },
      "peerDependenciesMeta": {
        "bufferutil": {
          "optional": true
        },
        "utf-8-validate": {
          "optional": true
        }
      }
    }
  },
  "dependencies": {
    "@types/body-parser": {
      "version": "1.19.2",
      "resolved": "https://registry.npmjs.org/@types/body-parser/-/body-parser-1.19.2.tgz",
      "integrity": "sha512-ALYone6pm6QmwZoAgeyNksccT9Q4AWZQ6PvfwR37GT6r6FWUPguq6sUmNGSMV2Wr761oQoBxwGGa6DR5o1DC9g==",
      "dev": true,
      "requires": {
        "@types/connect": "*",
        "@types/node": "*"
      }
    },
    "@types/connect": {
      "version": "3.4.35",
      "resolved": "https://registry.npmjs.org/@types/connect/-/connect-3.4.35.tgz",
      "integrity": "sha512-cdeYyv4KWoEgpBISTxWvqYsVy444DOqehiF3fM3ne10AmJ62RSyNkUnxMJXHQWRQQX2eR94m5y1IZyDwBjV9FQ==",
      "dev": true,
      "requires": {
        "@types/node": "*"
      }
    },
    "@types/express": {
      "version": "4.17.14",
      "resolved": "https://registry.npmjs.org/@types/express/-/express-4.17.14.tgz",
      "integrity": "sha512-TEbt+vaPFQ+xpxFLFssxUDXj5cWCxZJjIcB7Yg0k0GMHGtgtQgpvx/MUQUeAkNbA9AAGrwkAsoeItdTgS7FMyg==",
      "dev": true,
      "requires": {
        "@types/body-parser": "*",
        "@types/express-serve-static-core": "^4.17.18",
        "@types/qs": "*",
        "@types/serve-static": "*"
      }
    },
    "@types/express-serve-static-core": {
      "version": "4.17.31",
      "resolved": "https://registry.npmjs.org/@types/express-serve-static-core/-/express-serve-static-core-4.17.31.tgz",
      "integrity": "sha512-DxMhY+NAsTwMMFHBTtJFNp5qiHKJ7TeqOo23zVEM9alT1Ml27Q3xcTH0xwxn7Q0BbMcVEJOs/7aQtUWupUQN3Q==",
      "dev": true,
      "requires": {
        "@types/node": "*",
        "@types/qs": "*",
        "@types/range-parser": "*"
      }
    },
    "@types/mime": {
      "version": "3.0.1",
      "resolved": "https://registry.npmjs.org/@types/mime/-/mime-3.0.1.tgz",
      "integrity": "sha512-Y4XFY5VJAuw0FgAqPNd6NNoV44jbq9Bz2L7Rh/J6jLTiHBSBJa9fxqQIvkIld4GsoDOcCbvzOUAbLPsSKKg+uA==",
      "dev": true
    },
    "@types/node": {
      "version": "18.7.18",
      "resolved": "https://registry.npmjs.org/@types/node/-/node-18.7.18.tgz",
      "integrity": "sha512-m+6nTEOadJZuTPkKR/SYK3A2d7FZrgElol9UP1Kae90VVU4a6mxnPuLiIW1m4Cq4gZ/nWb9GrdVXJCoCazDAbg==",
      "dev": true
    },
    "@types/qs": {
      "version": "6.9.7",
      "resolved": "https://registry.npmjs.org/@types/qs/-/qs-6.9.7.tgz",
      "integrity": "sha512-FGa1F62FT09qcrueBA6qYTrJPVDzah9a+493+o2PCXsesWHIn27G98TsSMs3WPNbZIEj4+VJf6saSFpvD+3Zsw==",
      "dev": true
    },
    "@types/range-parser": {
      "version": "1.2.4",
      "resolved": "https://registry.npmjs.org/@types/range-parser/-/range-parser-1.2.4.tgz",
      "integrity": "sha512-EEhsLsD6UsDM1yFhAvy0Cjr6VwmpMWqFBCb9w07wVugF7w9nfajxLuVmngTIpgS6svCnm6Vaw+MZhoDCKnOfsw==",
      "dev": true
    },
    "@types/serve-static": {
      "version": "1.15.0",
      "resolved": "https://registry.npmjs.org/@types/serve-static/-/serve-static-1.15.0.tgz",
      "integrity": "sha512-z5xyF6uh8CbjAu9760KDKsH2FcDxZ2tFCsA4HIMWE6IkiYMXfVoa+4f9KX+FN0ZLsaMw1WNG2ETLA6N+/YA+cg==",
      "dev": true,
      "requires": {
        "@types/mime": "*",
        "@types/node": "*"
      }
    },
    "@types/ws": {
      "version": "8.5.3",
      "resolved": "https://registry.npmjs.org/@types/ws/-/ws-8.5.3.tgz",
      "integrity": "sha512-6YOoWjruKj1uLf3INHH7D3qTXwFfEsg1kf3c0uDdSBJwfa/llkwIjrAGV7j7mVgGNbzTQ3HiHKKDXl6bJPD97w==",
      "dev": true,
      "requires": {
        "@types/node": "*"
      }
    },
    "babel-standalone": {
      "version": "file:../../node_modules/.pnpm/babel-standalone@6.26.0/node_modules/babel-standalone",
      "requires": {
        "babel-core": "6.26.0",
        "babel-helper-builder-react-jsx": "6.23.0",
        "babel-loader": "6.4.1",
        "babel-plugin-check-es2015-constants": "6.22.0",
        "babel-plugin-external-helpers": "6.22.0",
        "babel-plugin-inline-replace-variables": "1.3.1",
        "babel-plugin-minify-constant-folding": "0.2.0",
        "babel-plugin-minify-dead-code-elimination": "0.2.0",
        "babel-plugin-minify-empty-function": "0.0.1",
        "babel-plugin-minify-flip-comparisons": "0.2.0",
        "babel-plugin-minify-guarded-expressions": "0.2.0",
        "babel-plugin-minify-infinity": "0.2.0",
        "babel-plugin-minify-mangle-names": "0.2.0",
        "babel-plugin-minify-replace": "0.2.0",
        "babel-plugin-minify-simplify": "0.2.0",
        "babel-plugin-minify-type-constructors": "0.2.0",
        "babel-plugin-syntax-async-functions": "6.13.0",
        "babel-plugin-syntax-async-generators": "6.13.0",
        "babel-plugin-syntax-class-constructor-call": "6.18.0",
        "babel-plugin-syntax-class-properties": "6.13.0",
        "babel-plugin-syntax-decorators": "6.13.0",
        "babel-plugin-syntax-do-expressions": "6.13.0",
        "babel-plugin-syntax-exponentiation-operator": "6.13.0",
        "babel-plugin-syntax-export-extensions": "6.13.0",
        "babel-plugin-syntax-flow": "6.18.0",
        "babel-plugin-syntax-function-bind": "6.13.0",
        "babel-plugin-syntax-function-sent": "6.13.0",
        "babel-plugin-syntax-jsx": "6.18.0",
        "babel-plugin-syntax-object-rest-spread": "6.13.0",
        "babel-plugin-syntax-trailing-function-commas": "6.22.0",
        "babel-plugin-transform-async-functions": "6.22.0",
        "babel-plugin-transform-async-to-generator": "6.24.1",
        "babel-plugin-transform-async-to-module-method": "6.24.1",
        "babel-plugin-transform-class-constructor-call": "6.24.1",
        "babel-plugin-transform-class-properties": "6.24.1",
        "babel-plugin-transform-decorators": "6.24.1",
        "babel-plugin-transform-decorators-legacy": "1.3.4",
        "babel-plugin-transform-do-expressions": "6.22.0",
        "babel-plugin-transform-es2015-arrow-functions": "6.22.0",
        "babel-plugin-transform-es2015-block-scoped-functions": "6.22.0",
        "babel-plugin-transform-es2015-block-scoping": "6.26.0",
        "babel-plugin-transform-es2015-classes": "6.24.1",
        "babel-plugin-transform-es2015-computed-properties": "6.24.1",
        "babel-plugin-transform-es2015-destructuring": "6.23.0",
        "babel-plugin-transform-es2015-duplicate-keys": "6.24.1",
        "babel-plugin-transform-es2015-for-of": "6.23.0",
        "babel-plugin-transform-es2015-function-name": "6.24.1",
        "babel-plugin-transform-es2015-instanceof": "6.22.0",
        "babel-plugin-transform-es2015-literals": "6.22.0",
        "babel-plugin-transform-es2015-modules-amd": "6.24.1",
        "babel-plugin-transform-es2015-modules-commonjs": "6.26.0",
        "babel-plugin-transform-es2015-modules-systemjs": "6.24.1",
        "babel-plugin-transform-es2015-modules-umd": "6.24.1",
        "babel-plugin-transform-es2015-object-super": "6.24.1",
        "babel-plugin-transform-es2015-parameters": "6.24.1",
        "babel-plugin-transform-es2015-shorthand-properties": "6.24.1",
        "babel-plugin-transform-es2015-spread": "6.22.0",
        "babel-plugin-transform-es2015-sticky-regex": "6.24.1",
        "babel-plugin-transform-es2015-template-literals": "6.22.0",
        "babel-plugin-transform-es2015-typeof-symbol": "6.23.0",
        "babel-plugin-transform-es2015-unicode-regex": "6.24.1",
        "babel-plugin-transform-es3-member-expression-literals": "6.22.0",
        "babel-plugin-transform-es3-property-literals": "6.22.0",
        "babel-plugin-transform-es5-property-mutators": "6.24.1",
        "babel-plugin-transform-eval": "6.22.0",
        "babel-plugin-transform-exponentiation-operator": "6.24.1",
        "babel-plugin-transform-export-extensions": "6.22.0",
        "babel-plugin-transform-flow-comments": "6.22.0",
        "babel-plugin-transform-flow-strip-types": "6.22.0",
        "babel-plugin-transform-function-bind": "6.22.0",
        "babel-plugin-transform-inline-environment-variables": "6.8.0",
        "babel-plugin-transform-jscript": "6.22.0",
        "babel-plugin-transform-member-expression-literals": "6.8.5",
        "babel-plugin-transform-merge-sibling-variables": "6.8.6",
        "babel-plugin-transform-minify-booleans": "6.8.3",
        "babel-plugin-transform-node-env-inline": "6.8.0",
        "babel-plugin-transform-object-assign": "6.22.0",
        "babel-plugin-transform-object-rest-spread": "6.26.0",
        "babel-plugin-transform-object-set-prototype-of-to-assign": "6.22.0",
        "babel-plugin-transform-property-literals": "6.8.5",
        "babel-plugin-transform-proto-to-assign": "6.26.0",
        "babel-plugin-transform-react-constant-elements": "6.23.0",
        "babel-plugin-transform-react-display-name": "6.25.0",
        "babel-plugin-transform-react-inline-elements": "6.22.0",
        "babel-plugin-transform-react-jsx": "6.24.1",
        "babel-plugin-transform-react-jsx-compat": "6.24.1",
        "babel-plugin-transform-react-jsx-self": "6.22.0",
        "babel-plugin-transform-react-jsx-source": "6.22.0",
        "babel-plugin-transform-regenerator": "6.26.0",
        "babel-plugin-transform-remove-console": "6.8.5",
        "babel-plugin-transform-remove-debugger": "6.8.5",
        "babel-plugin-transform-runtime": "6.23.0",
        "babel-plugin-transform-simplify-comparison-operators": "6.8.5",
        "babel-plugin-transform-strict-mode": "6.24.1",
        "babel-plugin-transform-undefined-to-void": "6.8.3",
        "babel-plugin-undeclared-variables-check": "6.22.0",
        "babel-preset-babili": "0.1.4",
        "babel-preset-es2015": "6.24.1",
        "babel-preset-es2016": "6.24.1",
        "babel-preset-es2017": "6.24.1",
        "babel-preset-latest": "6.24.1",
        "babel-preset-react": "6.24.1",
        "babel-preset-stage-0": "6.24.1",
        "babel-preset-stage-1": "6.24.1",
        "babel-preset-stage-2": "6.24.1",
        "babel-preset-stage-3": "6.24.1",
        "gulp": "^3.9.1",
        "gulp-rename": "^1.2.2",
        "gulp-uglify": "^2.0.1",
        "jest": "^18.1.0",
        "json-loader": "^0.5.4",
        "lazypipe": "^1.0.1",
        "npm-check-updates": "^2.8.9",
        "pump": "^1.0.2",
        "react": "^15.4.2",
        "webpack": "^1.14.0",
        "webpack-stream": "^3.2.0"
      }
    },
    "commander": {
      "version": "file:../../node_modules/.pnpm/commander@9.4.0/node_modules/commander",
      "requires": {
        "@types/jest": "^28.1.4",
        "@types/node": "^16.11.15",
        "@typescript-eslint/eslint-plugin": "^5.30.6",
        "@typescript-eslint/parser": "^5.30.6",
        "eslint": "^8.19.0",
        "eslint-config-standard": "^17.0.0",
        "eslint-config-standard-with-typescript": "^22.0.0",
        "eslint-plugin-import": "^2.25.3",
        "eslint-plugin-jest": "^26.5.3",
        "eslint-plugin-n": "^15.2.4",
        "eslint-plugin-promise": "^6.0.0",
        "jest": "^28.1.2",
        "ts-jest": "^28.0.5",
        "tsd": "^0.22.0",
        "typescript": "^4.7.4"
      }
    },
    "esbuild": {
      "version": "file:../../node_modules/.pnpm/esbuild@0.14.54/node_modules/esbuild",
      "requires": {
        "@esbuild/linux-loong64": "0.14.54",
        "esbuild-android-64": "0.14.54",
        "esbuild-android-arm64": "0.14.54",
        "esbuild-darwin-64": "0.14.54",
        "esbuild-darwin-arm64": "0.14.54",
        "esbuild-freebsd-64": "0.14.54",
        "esbuild-freebsd-arm64": "0.14.54",
        "esbuild-linux-32": "0.14.54",
        "esbuild-linux-64": "0.14.54",
        "esbuild-linux-arm": "0.14.54",
        "esbuild-linux-arm64": "0.14.54",
        "esbuild-linux-mips64le": "0.14.54",
        "esbuild-linux-ppc64le": "0.14.54",
        "esbuild-linux-riscv64": "0.14.54",
        "esbuild-linux-s390x": "0.14.54",
        "esbuild-netbsd-64": "0.14.54",
        "esbuild-openbsd-64": "0.14.54",
        "esbuild-sunos-64": "0.14.54",
        "esbuild-windows-32": "0.14.54",
        "esbuild-windows-64": "0.14.54",
        "esbuild-windows-arm64": "0.14.54"
      }
    },
    "express": {
      "version": "file:../../node_modules/.pnpm/express@4.18.1/node_modules/express",
      "requires": {
        "accepts": "~1.3.8",
        "after": "0.8.2",
        "array-flatten": "1.1.1",
        "body-parser": "1.20.0",
        "connect-redis": "3.4.2",
        "content-disposition": "0.5.4",
        "content-type": "~1.0.4",
        "cookie": "0.5.0",
        "cookie-parser": "1.4.6",
        "cookie-session": "2.0.0",
        "cookie-signature": "1.0.6",
        "debug": "2.6.9",
        "depd": "2.0.0",
        "ejs": "3.1.7",
        "encodeurl": "~1.0.2",
        "escape-html": "~1.0.3",
        "eslint": "7.32.0",
        "etag": "~1.8.1",
        "express-session": "1.17.2",
        "finalhandler": "1.2.0",
        "fresh": "0.5.2",
        "hbs": "4.2.0",
        "http-errors": "2.0.0",
        "marked": "0.7.0",
        "merge-descriptors": "1.0.1",
        "method-override": "3.0.0",
        "methods": "~1.1.2",
        "mocha": "9.2.2",
        "morgan": "1.10.0",
        "multiparty": "4.2.3",
        "nyc": "15.1.0",
        "on-finished": "2.4.1",
        "parseurl": "~1.3.3",
        "path-to-regexp": "0.1.7",
        "pbkdf2-password": "1.2.1",
        "proxy-addr": "~2.0.7",
        "qs": "6.10.3",
        "range-parser": "~1.2.1",
        "safe-buffer": "5.2.1",
        "send": "0.18.0",
        "serve-static": "1.15.0",
        "setprototypeof": "1.2.0",
        "statuses": "2.0.1",
        "supertest": "6.2.3",
        "type-is": "~1.6.18",
        "utils-merge": "1.0.1",
        "vary": "~1.1.2",
        "vhost": "~3.0.2"
      }
    },
    "react": {
      "version": "file:../../node_modules/.pnpm/react@18.2.0/node_modules/react",
      "requires": {
        "loose-envify": "^1.1.0"
      }
    },
    "react-dom": {
      "version": "file:../../node_modules/.pnpm/react-dom@18.2.0_react@18.2.0/node_modules/react-dom",
      "requires": {
        "loose-envify": "^1.1.0",
        "scheduler": "^0.23.0"
      }
    },
    "ws": {
      "version": "8.8.1",
      "resolved": "https://registry.npmjs.org/ws/-/ws-8.8.1.tgz",
      "integrity": "sha512-bGy2JzvzkPowEJV++hF07hAD6niYSr0JzBNo/J29WsB57A2r7Wlc1UFcTR9IzrPvuNVO4B8LGqF8qcpsVOhJCA==",
      "requires": {}
    }
  }
}
